// !$*UTF8*$!
{
	archiveVersion = 1;
	classes = {
	};
	objectVersion = 48;
	objects = {

/* Begin PBXBuildFile section */
		3422A7911FCDBF0B006A9B9A /* StandingsTableViewController.swift in Sources */ = {isa = PBXBuildFile; fileRef = 3422A7901FCDBF0B006A9B9A /* StandingsTableViewController.swift */; };
		3422A7941FCDBF57006A9B9A /* NbaAPIClient.swift in Sources */ = {isa = PBXBuildFile; fileRef = 3422A7931FCDBF57006A9B9A /* NbaAPIClient.swift */; };
		3422A7961FCDBF94006A9B9A /* TeamStandingsRequest.swift in Sources */ = {isa = PBXBuildFile; fileRef = 3422A7951FCDBF94006A9B9A /* TeamStandingsRequest.swift */; };
		3422A7991FCDC032006A9B9A /* TeamStat.swift in Sources */ = {isa = PBXBuildFile; fileRef = 3422A7981FCDC032006A9B9A /* TeamStat.swift */; };
		3422A79B1FCDC0F7006A9B9A /* NetworkDispatcher.swift in Sources */ = {isa = PBXBuildFile; fileRef = 3422A79A1FCDC0F7006A9B9A /* NetworkDispatcher.swift */; };
		3422A79D1FCE3211006A9B9A /* JSONParser.swift in Sources */ = {isa = PBXBuildFile; fileRef = 3422A79C1FCE3211006A9B9A /* JSONParser.swift */; };
		3422A79F1FCE490C006A9B9A /* LeagueManager.swift in Sources */ = {isa = PBXBuildFile; fileRef = 3422A79E1FCE490C006A9B9A /* LeagueManager.swift */; };
		3460384E1FCA28B200408F66 /* AppDelegate.swift in Sources */ = {isa = PBXBuildFile; fileRef = 3460384D1FCA28B200408F66 /* AppDelegate.swift */; };
		346038531FCA28B200408F66 /* Main.storyboard in Resources */ = {isa = PBXBuildFile; fileRef = 346038511FCA28B200408F66 /* Main.storyboard */; };
		346038551FCA28B200408F66 /* Assets.xcassets in Resources */ = {isa = PBXBuildFile; fileRef = 346038541FCA28B200408F66 /* Assets.xcassets */; };
		34EDC46E1FCEFE4700712DFC /* ConfigurableCell.swift in Sources */ = {isa = PBXBuildFile; fileRef = 34EDC46D1FCEFE4700712DFC /* ConfigurableCell.swift */; };
		34EDC4701FCEFE5600712DFC /* TeamInfoTableViewCell.swift in Sources */ = {isa = PBXBuildFile; fileRef = 34EDC46F1FCEFE5600712DFC /* TeamInfoTableViewCell.swift */; };
		34EDC4721FCF04A200712DFC /* LeagueManagerTest.swift in Sources */ = {isa = PBXBuildFile; fileRef = 34EDC4711FCF04A200712DFC /* LeagueManagerTest.swift */; };
		34EDC4751FCF865E00712DFC /* networkResponse.json in Resources */ = {isa = PBXBuildFile; fileRef = 34EDC4741FCF865E00712DFC /* networkResponse.json */; };
		34EDC4781FCF87C300712DFC /* XCTestCase.swift in Sources */ = {isa = PBXBuildFile; fileRef = 34EDC4771FCF87C300712DFC /* XCTestCase.swift */; };
		34EDC47C1FCF921700712DFC /* NetworkDispatcherTest.swift in Sources */ = {isa = PBXBuildFile; fileRef = 34EDC47B1FCF921700712DFC /* NetworkDispatcherTest.swift */; };
		692FAC2A531CF006F99869CF /* Pods_NetworkDemoTests.framework in Frameworks */ = {isa = PBXBuildFile; fileRef = 0BC7491D01DF9233542514A6 /* Pods_NetworkDemoTests.framework */; };
		98126D277C96B142630B681B /* Pods_NetworkDemo.framework in Frameworks */ = {isa = PBXBuildFile; fileRef = 0BE6E3C05A5F9591D1DA01AE /* Pods_NetworkDemo.framework */; };
/* End PBXBuildFile section */

/* Begin PBXContainerItemProxy section */
		3460385F1FCA28B200408F66 /* PBXContainerItemProxy */ = {
			isa = PBXContainerItemProxy;
			containerPortal = 346038421FCA28B200408F66 /* Project object */;
			proxyType = 1;
			remoteGlobalIDString = 346038491FCA28B200408F66;
			remoteInfo = NetworkDemo;
		};
/* End PBXContainerItemProxy section */

/* Begin PBXFileReference section */
		00A16B39BE58B5C12029EC6D /* Pods-NetworkDemoTests.release.xcconfig */ = {isa = PBXFileReference; includeInIndex = 1; lastKnownFileType = text.xcconfig; name = "Pods-NetworkDemoTests.release.xcconfig"; path = "Pods/Target Support Files/Pods-NetworkDemoTests/Pods-NetworkDemoTests.release.xcconfig"; sourceTree = "<group>"; };
		0BC7491D01DF9233542514A6 /* Pods_NetworkDemoTests.framework */ = {isa = PBXFileReference; explicitFileType = wrapper.framework; includeInIndex = 0; path = Pods_NetworkDemoTests.framework; sourceTree = BUILT_PRODUCTS_DIR; };
		0BE6E3C05A5F9591D1DA01AE /* Pods_NetworkDemo.framework */ = {isa = PBXFileReference; explicitFileType = wrapper.framework; includeInIndex = 0; path = Pods_NetworkDemo.framework; sourceTree = BUILT_PRODUCTS_DIR; };
		3422A7901FCDBF0B006A9B9A /* StandingsTableViewController.swift */ = {isa = PBXFileReference; lastKnownFileType = sourcecode.swift; path = StandingsTableViewController.swift; sourceTree = "<group>"; };
		3422A7931FCDBF57006A9B9A /* NbaAPIClient.swift */ = {isa = PBXFileReference; lastKnownFileType = sourcecode.swift; path = NbaAPIClient.swift; sourceTree = "<group>"; };
		3422A7951FCDBF94006A9B9A /* TeamStandingsRequest.swift */ = {isa = PBXFileReference; lastKnownFileType = sourcecode.swift; path = TeamStandingsRequest.swift; sourceTree = "<group>"; };
		3422A7981FCDC032006A9B9A /* TeamStat.swift */ = {isa = PBXFileReference; lastKnownFileType = sourcecode.swift; path = TeamStat.swift; sourceTree = "<group>"; };
		3422A79A1FCDC0F7006A9B9A /* NetworkDispatcher.swift */ = {isa = PBXFileReference; lastKnownFileType = sourcecode.swift; path = NetworkDispatcher.swift; sourceTree = "<group>"; };
		3422A79C1FCE3211006A9B9A /* JSONParser.swift */ = {isa = PBXFileReference; lastKnownFileType = sourcecode.swift; path = JSONParser.swift; sourceTree = "<group>"; };
		3422A79E1FCE490C006A9B9A /* LeagueManager.swift */ = {isa = PBXFileReference; lastKnownFileType = sourcecode.swift; path = LeagueManager.swift; sourceTree = "<group>"; };
		3460384A1FCA28B200408F66 /* NetworkDemo.app */ = {isa = PBXFileReference; explicitFileType = wrapper.application; includeInIndex = 0; path = NetworkDemo.app; sourceTree = BUILT_PRODUCTS_DIR; };
		3460384D1FCA28B200408F66 /* AppDelegate.swift */ = {isa = PBXFileReference; lastKnownFileType = sourcecode.swift; path = AppDelegate.swift; sourceTree = "<group>"; };
		346038521FCA28B200408F66 /* Base */ = {isa = PBXFileReference; lastKnownFileType = file.storyboard; name = Base; path = Base.lproj/Main.storyboard; sourceTree = "<group>"; };
		346038541FCA28B200408F66 /* Assets.xcassets */ = {isa = PBXFileReference; lastKnownFileType = folder.assetcatalog; path = Assets.xcassets; sourceTree = "<group>"; };
		346038591FCA28B200408F66 /* Info.plist */ = {isa = PBXFileReference; lastKnownFileType = text.plist.xml; path = Info.plist; sourceTree = "<group>"; };
		3460385E1FCA28B200408F66 /* NetworkDemoTests.xctest */ = {isa = PBXFileReference; explicitFileType = wrapper.cfbundle; includeInIndex = 0; path = NetworkDemoTests.xctest; sourceTree = BUILT_PRODUCTS_DIR; };
		346038641FCA28B200408F66 /* Info.plist */ = {isa = PBXFileReference; lastKnownFileType = text.plist.xml; path = Info.plist; sourceTree = "<group>"; };
		34EDC46D1FCEFE4700712DFC /* ConfigurableCell.swift */ = {isa = PBXFileReference; lastKnownFileType = sourcecode.swift; path = ConfigurableCell.swift; sourceTree = "<group>"; };
		34EDC46F1FCEFE5600712DFC /* TeamInfoTableViewCell.swift */ = {isa = PBXFileReference; lastKnownFileType = sourcecode.swift; path = TeamInfoTableViewCell.swift; sourceTree = "<group>"; };
		34EDC4711FCF04A200712DFC /* LeagueManagerTest.swift */ = {isa = PBXFileReference; lastKnownFileType = sourcecode.swift; path = LeagueManagerTest.swift; sourceTree = "<group>"; };
		34EDC4741FCF865E00712DFC /* networkResponse.json */ = {isa = PBXFileReference; fileEncoding = 4; lastKnownFileType = text.json; path = networkResponse.json; sourceTree = "<group>"; };
		34EDC4771FCF87C300712DFC /* XCTestCase.swift */ = {isa = PBXFileReference; lastKnownFileType = sourcecode.swift; path = XCTestCase.swift; sourceTree = "<group>"; };
		34EDC47B1FCF921700712DFC /* NetworkDispatcherTest.swift */ = {isa = PBXFileReference; lastKnownFileType = sourcecode.swift; path = NetworkDispatcherTest.swift; sourceTree = "<group>"; };
		66FC4F4C6A8917D16A695B33 /* Pods-NetworkDemo.debug.xcconfig */ = {isa = PBXFileReference; includeInIndex = 1; lastKnownFileType = text.xcconfig; name = "Pods-NetworkDemo.debug.xcconfig"; path = "Pods/Target Support Files/Pods-NetworkDemo/Pods-NetworkDemo.debug.xcconfig"; sourceTree = "<group>"; };
		9894E1E5719A5A91FC6F3F2A /* Pods-NetworkDemo.release.xcconfig */ = {isa = PBXFileReference; includeInIndex = 1; lastKnownFileType = text.xcconfig; name = "Pods-NetworkDemo.release.xcconfig"; path = "Pods/Target Support Files/Pods-NetworkDemo/Pods-NetworkDemo.release.xcconfig"; sourceTree = "<group>"; };
		FB1C1EF22E1846D42D29B86C /* Pods-NetworkDemoTests.debug.xcconfig */ = {isa = PBXFileReference; includeInIndex = 1; lastKnownFileType = text.xcconfig; name = "Pods-NetworkDemoTests.debug.xcconfig"; path = "Pods/Target Support Files/Pods-NetworkDemoTests/Pods-NetworkDemoTests.debug.xcconfig"; sourceTree = "<group>"; };
/* End PBXFileReference section */

/* Begin PBXFrameworksBuildPhase section */
		346038471FCA28B200408F66 /* Frameworks */ = {
			isa = PBXFrameworksBuildPhase;
			buildActionMask = 2147483647;
			files = (
				98126D277C96B142630B681B /* Pods_NetworkDemo.framework in Frameworks */,
			);
			runOnlyForDeploymentPostprocessing = 0;
		};
		3460385B1FCA28B200408F66 /* Frameworks */ = {
			isa = PBXFrameworksBuildPhase;
			buildActionMask = 2147483647;
			files = (
				692FAC2A531CF006F99869CF /* Pods_NetworkDemoTests.framework in Frameworks */,
			);
			runOnlyForDeploymentPostprocessing = 0;
		};
/* End PBXFrameworksBuildPhase section */

/* Begin PBXGroup section */
		3422A78F1FCDB532006A9B9A /* Resources */ = {
			isa = PBXGroup;
			children = (
				346038541FCA28B200408F66 /* Assets.xcassets */,
				346038591FCA28B200408F66 /* Info.plist */,
			);
			path = Resources;
			sourceTree = "<group>";
		};
		3422A7921FCDBF1D006A9B9A /* Network */ = {
			isa = PBXGroup;
			children = (
				3422A7931FCDBF57006A9B9A /* NbaAPIClient.swift */,
				3422A7951FCDBF94006A9B9A /* TeamStandingsRequest.swift */,
				3422A79A1FCDC0F7006A9B9A /* NetworkDispatcher.swift */,
				3422A79C1FCE3211006A9B9A /* JSONParser.swift */,
			);
			path = Network;
			sourceTree = "<group>";
		};
		3422A7971FCDC027006A9B9A /* Model */ = {
			isa = PBXGroup;
			children = (
				3422A7981FCDC032006A9B9A /* TeamStat.swift */,
				3422A79E1FCE490C006A9B9A /* LeagueManager.swift */,
			);
			path = Model;
			sourceTree = "<group>";
		};
		3422A7A01FCE4B1E006A9B9A /* View */ = {
			isa = PBXGroup;
			children = (
				34EDC46F1FCEFE5600712DFC /* TeamInfoTableViewCell.swift */,
				34EDC46D1FCEFE4700712DFC /* ConfigurableCell.swift */,
			);
			path = View;
			sourceTree = "<group>";
		};
		3422A7A11FCE4B26006A9B9A /* Controller */ = {
			isa = PBXGroup;
			children = (
				3422A7901FCDBF0B006A9B9A /* StandingsTableViewController.swift */,
			);
			path = Controller;
			sourceTree = "<group>";
		};
		346038411FCA28B200408F66 = {
			isa = PBXGroup;
			children = (
				3460384C1FCA28B200408F66 /* NetworkDemo */,
				346038611FCA28B200408F66 /* NetworkDemoTests */,
				3460384B1FCA28B200408F66 /* Products */,
				990160220984191C6C007F9C /* Pods */,
				DEB660BE46ECC86F7EA9DF71 /* Frameworks */,
			);
			sourceTree = "<group>";
		};
		3460384B1FCA28B200408F66 /* Products */ = {
			isa = PBXGroup;
			children = (
				3460384A1FCA28B200408F66 /* NetworkDemo.app */,
				3460385E1FCA28B200408F66 /* NetworkDemoTests.xctest */,
			);
			name = Products;
			sourceTree = "<group>";
		};
		3460384C1FCA28B200408F66 /* NetworkDemo */ = {
			isa = PBXGroup;
			children = (
				3422A7971FCDC027006A9B9A /* Model */,
				3422A7A01FCE4B1E006A9B9A /* View */,
				3422A7A11FCE4B26006A9B9A /* Controller */,
				3422A7921FCDBF1D006A9B9A /* Network */,
				3460384D1FCA28B200408F66 /* AppDelegate.swift */,
				346038511FCA28B200408F66 /* Main.storyboard */,
				3422A78F1FCDB532006A9B9A /* Resources */,
			);
			path = NetworkDemo;
			sourceTree = "<group>";
		};
		346038611FCA28B200408F66 /* NetworkDemoTests */ = {
			isa = PBXGroup;
			children = (
				34EDC4761FCF87AA00712DFC /* Extensions */,
				34EDC4731FCF85CB00712DFC /* Stubs */,
				34EDC4791FCF915A00712DFC /* Test Cases */,
				34EDC47A1FCF916100712DFC /* Supporting Files */,
			);
			path = NetworkDemoTests;
			sourceTree = "<group>";
		};
		34EDC4731FCF85CB00712DFC /* Stubs */ = {
			isa = PBXGroup;
			children = (
				34EDC4741FCF865E00712DFC /* networkResponse.json */,
			);
			path = Stubs;
			sourceTree = "<group>";
		};
		34EDC4761FCF87AA00712DFC /* Extensions */ = {
			isa = PBXGroup;
			children = (
				34EDC4771FCF87C300712DFC /* XCTestCase.swift */,
			);
			path = Extensions;
			sourceTree = "<group>";
		};
		34EDC4791FCF915A00712DFC /* Test Cases */ = {
			isa = PBXGroup;
			children = (
				34EDC4711FCF04A200712DFC /* LeagueManagerTest.swift */,
				34EDC47B1FCF921700712DFC /* NetworkDispatcherTest.swift */,
			);
			path = "Test Cases";
			sourceTree = "<group>";
		};
		34EDC47A1FCF916100712DFC /* Supporting Files */ = {
			isa = PBXGroup;
			children = (
				346038641FCA28B200408F66 /* Info.plist */,
			);
			path = "Supporting Files";
			sourceTree = "<group>";
		};
		990160220984191C6C007F9C /* Pods */ = {
			isa = PBXGroup;
			children = (
				66FC4F4C6A8917D16A695B33 /* Pods-NetworkDemo.debug.xcconfig */,
				9894E1E5719A5A91FC6F3F2A /* Pods-NetworkDemo.release.xcconfig */,
				FB1C1EF22E1846D42D29B86C /* Pods-NetworkDemoTests.debug.xcconfig */,
				00A16B39BE58B5C12029EC6D /* Pods-NetworkDemoTests.release.xcconfig */,
			);
			name = Pods;
			sourceTree = "<group>";
		};
		DEB660BE46ECC86F7EA9DF71 /* Frameworks */ = {
			isa = PBXGroup;
			children = (
				0BE6E3C05A5F9591D1DA01AE /* Pods_NetworkDemo.framework */,
				0BC7491D01DF9233542514A6 /* Pods_NetworkDemoTests.framework */,
			);
			name = Frameworks;
			sourceTree = "<group>";
		};
/* End PBXGroup section */

/* Begin PBXNativeTarget section */
		346038491FCA28B200408F66 /* NetworkDemo */ = {
			isa = PBXNativeTarget;
			buildConfigurationList = 346038671FCA28B200408F66 /* Build configuration list for PBXNativeTarget "NetworkDemo" */;
			buildPhases = (
				DA36AE36C56ACBA092F652F4 /* [CP] Check Pods Manifest.lock */,
				346038461FCA28B200408F66 /* Sources */,
				346038471FCA28B200408F66 /* Frameworks */,
				346038481FCA28B200408F66 /* Resources */,
				25707DC29984F8D817DBCDD0 /* [CP] Embed Pods Frameworks */,
				EA52F2BEEB8416D71C512122 /* [CP] Copy Pods Resources */,
			);
			buildRules = (
			);
			dependencies = (
			);
			name = NetworkDemo;
			productName = NetworkDemo;
			productReference = 3460384A1FCA28B200408F66 /* NetworkDemo.app */;
			productType = "com.apple.product-type.application";
		};
		3460385D1FCA28B200408F66 /* NetworkDemoTests */ = {
			isa = PBXNativeTarget;
			buildConfigurationList = 3460386A1FCA28B200408F66 /* Build configuration list for PBXNativeTarget "NetworkDemoTests" */;
			buildPhases = (
				30F8ABE0AA975E93143120DB /* [CP] Check Pods Manifest.lock */,
				3460385A1FCA28B200408F66 /* Sources */,
				3460385B1FCA28B200408F66 /* Frameworks */,
				3460385C1FCA28B200408F66 /* Resources */,
				C8DEF3B91BB3DDDD31EF5D70 /* [CP] Embed Pods Frameworks */,
				BBF1B19EB8AFE189141AE725 /* [CP] Copy Pods Resources */,
			);
			buildRules = (
			);
			dependencies = (
				346038601FCA28B200408F66 /* PBXTargetDependency */,
			);
			name = NetworkDemoTests;
			productName = NetworkDemoTests;
			productReference = 3460385E1FCA28B200408F66 /* NetworkDemoTests.xctest */;
			productType = "com.apple.product-type.bundle.unit-test";
		};
/* End PBXNativeTarget section */

/* Begin PBXProject section */
		346038421FCA28B200408F66 /* Project object */ = {
			isa = PBXProject;
			attributes = {
				LastSwiftUpdateCheck = 0910;
				LastUpgradeCheck = 0910;
				ORGANIZATIONNAME = "Max Rogers";
				TargetAttributes = {
					346038491FCA28B200408F66 = {
						CreatedOnToolsVersion = 9.1;
						ProvisioningStyle = Automatic;
					};
					3460385D1FCA28B200408F66 = {
						CreatedOnToolsVersion = 9.1;
						ProvisioningStyle = Automatic;
						TestTargetID = 346038491FCA28B200408F66;
					};
				};
			};
			buildConfigurationList = 346038451FCA28B200408F66 /* Build configuration list for PBXProject "NetworkDemo" */;
			compatibilityVersion = "Xcode 8.0";
			developmentRegion = en;
			hasScannedForEncodings = 0;
			knownRegions = (
				en,
				Base,
			);
			mainGroup = 346038411FCA28B200408F66;
			productRefGroup = 3460384B1FCA28B200408F66 /* Products */;
			projectDirPath = "";
			projectRoot = "";
			targets = (
				346038491FCA28B200408F66 /* NetworkDemo */,
				3460385D1FCA28B200408F66 /* NetworkDemoTests */,
			);
		};
/* End PBXProject section */

/* Begin PBXResourcesBuildPhase section */
		346038481FCA28B200408F66 /* Resources */ = {
			isa = PBXResourcesBuildPhase;
			buildActionMask = 2147483647;
			files = (
				346038551FCA28B200408F66 /* Assets.xcassets in Resources */,
				346038531FCA28B200408F66 /* Main.storyboard in Resources */,
			);
			runOnlyForDeploymentPostprocessing = 0;
		};
		3460385C1FCA28B200408F66 /* Resources */ = {
			isa = PBXResourcesBuildPhase;
			buildActionMask = 2147483647;
			files = (
				34EDC4751FCF865E00712DFC /* networkResponse.json in Resources */,
			);
			runOnlyForDeploymentPostprocessing = 0;
		};
/* End PBXResourcesBuildPhase section */

/* Begin PBXShellScriptBuildPhase section */
		25707DC29984F8D817DBCDD0 /* [CP] Embed Pods Frameworks */ = {
			isa = PBXShellScriptBuildPhase;
			buildActionMask = 2147483647;
			files = (
			);
			inputPaths = (
			);
			name = "[CP] Embed Pods Frameworks";
			outputPaths = (
			);
			runOnlyForDeploymentPostprocessing = 0;
			shellPath = /bin/sh;
			shellScript = "\"${SRCROOT}/Pods/Target Support Files/Pods-NetworkDemo/Pods-NetworkDemo-frameworks.sh\"\n";
			showEnvVarsInLog = 0;
		};
		30F8ABE0AA975E93143120DB /* [CP] Check Pods Manifest.lock */ = {
			isa = PBXShellScriptBuildPhase;
			buildActionMask = 2147483647;
			files = (
			);
			inputPaths = (
			);
			name = "[CP] Check Pods Manifest.lock";
			outputPaths = (
			);
			runOnlyForDeploymentPostprocessing = 0;
			shellPath = /bin/sh;
			shellScript = "diff \"${PODS_PODFILE_DIR_PATH}/Podfile.lock\" \"${PODS_ROOT}/Manifest.lock\" > /dev/null\nif [ $? != 0 ] ; then\n    # print error to STDERR\n    echo \"error: The sandbox is not in sync with the Podfile.lock. Run 'pod install' or update your CocoaPods installation.\" >&2\n    exit 1\nfi\n";
			showEnvVarsInLog = 0;
		};
		BBF1B19EB8AFE189141AE725 /* [CP] Copy Pods Resources */ = {
			isa = PBXShellScriptBuildPhase;
			buildActionMask = 2147483647;
			files = (
			);
			inputPaths = (
			);
			name = "[CP] Copy Pods Resources";
			outputPaths = (
			);
			runOnlyForDeploymentPostprocessing = 0;
			shellPath = /bin/sh;
			shellScript = "\"${SRCROOT}/Pods/Target Support Files/Pods-NetworkDemoTests/Pods-NetworkDemoTests-resources.sh\"\n";
			showEnvVarsInLog = 0;
		};
		C8DEF3B91BB3DDDD31EF5D70 /* [CP] Embed Pods Frameworks */ = {
			isa = PBXShellScriptBuildPhase;
			buildActionMask = 2147483647;
			files = (
			);
			inputPaths = (
			);
			name = "[CP] Embed Pods Frameworks";
			outputPaths = (
			);
			runOnlyForDeploymentPostprocessing = 0;
			shellPath = /bin/sh;
			shellScript = "\"${SRCROOT}/Pods/Target Support Files/Pods-NetworkDemoTests/Pods-NetworkDemoTests-frameworks.sh\"\n";
			showEnvVarsInLog = 0;
		};
		DA36AE36C56ACBA092F652F4 /* [CP] Check Pods Manifest.lock */ = {
			isa = PBXShellScriptBuildPhase;
			buildActionMask = 2147483647;
			files = (
			);
			inputPaths = (
			);
			name = "[CP] Check Pods Manifest.lock";
			outputPaths = (
			);
			runOnlyForDeploymentPostprocessing = 0;
			shellPath = /bin/sh;
			shellScript = "diff \"${PODS_PODFILE_DIR_PATH}/Podfile.lock\" \"${PODS_ROOT}/Manifest.lock\" > /dev/null\nif [ $? != 0 ] ; then\n    # print error to STDERR\n    echo \"error: The sandbox is not in sync with the Podfile.lock. Run 'pod install' or update your CocoaPods installation.\" >&2\n    exit 1\nfi\n";
			showEnvVarsInLog = 0;
		};
		EA52F2BEEB8416D71C512122 /* [CP] Copy Pods Resources */ = {
			isa = PBXShellScriptBuildPhase;
			buildActionMask = 2147483647;
			files = (
			);
			inputPaths = (
			);
			name = "[CP] Copy Pods Resources";
			outputPaths = (
			);
			runOnlyForDeploymentPostprocessing = 0;
			shellPath = /bin/sh;
			shellScript = "\"${SRCROOT}/Pods/Target Support Files/Pods-NetworkDemo/Pods-NetworkDemo-resources.sh\"\n";
			showEnvVarsInLog = 0;
		};
/* End PBXShellScriptBuildPhase section */

/* Begin PBXSourcesBuildPhase section */
		346038461FCA28B200408F66 /* Sources */ = {
			isa = PBXSourcesBuildPhase;
			buildActionMask = 2147483647;
			files = (
				3422A7961FCDBF94006A9B9A /* TeamStandingsRequest.swift in Sources */,
				3422A7941FCDBF57006A9B9A /* NbaAPIClient.swift in Sources */,
				3422A7991FCDC032006A9B9A /* TeamStat.swift in Sources */,
				34EDC46E1FCEFE4700712DFC /* ConfigurableCell.swift in Sources */,
				3422A79B1FCDC0F7006A9B9A /* NetworkDispatcher.swift in Sources */,
				3422A79F1FCE490C006A9B9A /* LeagueManager.swift in Sources */,
				3422A7911FCDBF0B006A9B9A /* StandingsTableViewController.swift in Sources */,
				3460384E1FCA28B200408F66 /* AppDelegate.swift in Sources */,
				34EDC4701FCEFE5600712DFC /* TeamInfoTableViewCell.swift in Sources */,
				3422A79D1FCE3211006A9B9A /* JSONParser.swift in Sources */,
			);
			runOnlyForDeploymentPostprocessing = 0;
		};
		3460385A1FCA28B200408F66 /* Sources */ = {
			isa = PBXSourcesBuildPhase;
			buildActionMask = 2147483647;
			files = (
				34EDC4781FCF87C300712DFC /* XCTestCase.swift in Sources */,
				34EDC47C1FCF921700712DFC /* NetworkDispatcherTest.swift in Sources */,
				34EDC4721FCF04A200712DFC /* LeagueManagerTest.swift in Sources */,
			);
			runOnlyForDeploymentPostprocessing = 0;
		};
/* End PBXSourcesBuildPhase section */

/* Begin PBXTargetDependency section */
		346038601FCA28B200408F66 /* PBXTargetDependency */ = {
			isa = PBXTargetDependency;
			target = 346038491FCA28B200408F66 /* NetworkDemo */;
			targetProxy = 3460385F1FCA28B200408F66 /* PBXContainerItemProxy */;
		};
/* End PBXTargetDependency section */

/* Begin PBXVariantGroup section */
		346038511FCA28B200408F66 /* Main.storyboard */ = {
			isa = PBXVariantGroup;
			children = (
				346038521FCA28B200408F66 /* Base */,
			);
			name = Main.storyboard;
			sourceTree = "<group>";
		};
/* End PBXVariantGroup section */

/* Begin XCBuildConfiguration section */
		346038651FCA28B200408F66 /* Debug */ = {
			isa = XCBuildConfiguration;
			buildSettings = {
				ALWAYS_SEARCH_USER_PATHS = NO;
				CLANG_ANALYZER_NONNULL = YES;
				CLANG_ANALYZER_NUMBER_OBJECT_CONVERSION = YES_AGGRESSIVE;
				CLANG_CXX_LANGUAGE_STANDARD = "gnu++14";
				CLANG_CXX_LIBRARY = "libc++";
				CLANG_ENABLE_MODULES = YES;
				CLANG_ENABLE_OBJC_ARC = YES;
				CLANG_WARN_BLOCK_CAPTURE_AUTORELEASING = YES;
				CLANG_WARN_BOOL_CONVERSION = YES;
				CLANG_WARN_COMMA = YES;
				CLANG_WARN_CONSTANT_CONVERSION = YES;
				CLANG_WARN_DIRECT_OBJC_ISA_USAGE = YES_ERROR;
				CLANG_WARN_DOCUMENTATION_COMMENTS = YES;
				CLANG_WARN_EMPTY_BODY = YES;
				CLANG_WARN_ENUM_CONVERSION = YES;
				CLANG_WARN_INFINITE_RECURSION = YES;
				CLANG_WARN_INT_CONVERSION = YES;
				CLANG_WARN_NON_LITERAL_NULL_CONVERSION = YES;
				CLANG_WARN_OBJC_LITERAL_CONVERSION = YES;
				CLANG_WARN_OBJC_ROOT_CLASS = YES_ERROR;
				CLANG_WARN_RANGE_LOOP_ANALYSIS = YES;
				CLANG_WARN_STRICT_PROTOTYPES = YES;
				CLANG_WARN_SUSPICIOUS_MOVE = YES;
				CLANG_WARN_UNGUARDED_AVAILABILITY = YES_AGGRESSIVE;
				CLANG_WARN_UNREACHABLE_CODE = YES;
				CLANG_WARN__DUPLICATE_METHOD_MATCH = YES;
				CODE_SIGN_IDENTITY = "iPhone Developer";
				COPY_PHASE_STRIP = NO;
				DEBUG_INFORMATION_FORMAT = dwarf;
				ENABLE_STRICT_OBJC_MSGSEND = YES;
				ENABLE_TESTABILITY = YES;
				GCC_C_LANGUAGE_STANDARD = gnu11;
				GCC_DYNAMIC_NO_PIC = NO;
				GCC_NO_COMMON_BLOCKS = YES;
				GCC_OPTIMIZATION_LEVEL = 0;
				GCC_PREPROCESSOR_DEFINITIONS = (
					"DEBUG=1",
					"$(inherited)",
				);
				GCC_WARN_64_TO_32_BIT_CONVERSION = YES;
				GCC_WARN_ABOUT_RETURN_TYPE = YES_ERROR;
				GCC_WARN_UNDECLARED_SELECTOR = YES;
				GCC_WARN_UNINITIALIZED_AUTOS = YES_AGGRESSIVE;
				GCC_WARN_UNUSED_FUNCTION = YES;
				GCC_WARN_UNUSED_VARIABLE = YES;
				IPHONEOS_DEPLOYMENT_TARGET = 11.1;
				MTL_ENABLE_DEBUG_INFO = YES;
				ONLY_ACTIVE_ARCH = YES;
				SDKROOT = iphoneos;
				SWIFT_ACTIVE_COMPILATION_CONDITIONS = DEBUG;
				SWIFT_OPTIMIZATION_LEVEL = "-Onone";
			};
			name = Debug;
		};
		346038661FCA28B200408F66 /* Release */ = {
			isa = XCBuildConfiguration;
			buildSettings = {
				ALWAYS_SEARCH_USER_PATHS = NO;
				CLANG_ANALYZER_NONNULL = YES;
				CLANG_ANALYZER_NUMBER_OBJECT_CONVERSION = YES_AGGRESSIVE;
				CLANG_CXX_LANGUAGE_STANDARD = "gnu++14";
				CLANG_CXX_LIBRARY = "libc++";
				CLANG_ENABLE_MODULES = YES;
				CLANG_ENABLE_OBJC_ARC = YES;
				CLANG_WARN_BLOCK_CAPTURE_AUTORELEASING = YES;
				CLANG_WARN_BOOL_CONVERSION = YES;
				CLANG_WARN_COMMA = YES;
				CLANG_WARN_CONSTANT_CONVERSION = YES;
				CLANG_WARN_DIRECT_OBJC_ISA_USAGE = YES_ERROR;
				CLANG_WARN_DOCUMENTATION_COMMENTS = YES;
				CLANG_WARN_EMPTY_BODY = YES;
				CLANG_WARN_ENUM_CONVERSION = YES;
				CLANG_WARN_INFINITE_RECURSION = YES;
				CLANG_WARN_INT_CONVERSION = YES;
				CLANG_WARN_NON_LITERAL_NULL_CONVERSION = YES;
				CLANG_WARN_OBJC_LITERAL_CONVERSION = YES;
				CLANG_WARN_OBJC_ROOT_CLASS = YES_ERROR;
				CLANG_WARN_RANGE_LOOP_ANALYSIS = YES;
				CLANG_WARN_STRICT_PROTOTYPES = YES;
				CLANG_WARN_SUSPICIOUS_MOVE = YES;
				CLANG_WARN_UNGUARDED_AVAILABILITY = YES_AGGRESSIVE;
				CLANG_WARN_UNREACHABLE_CODE = YES;
				CLANG_WARN__DUPLICATE_METHOD_MATCH = YES;
				CODE_SIGN_IDENTITY = "iPhone Developer";
				COPY_PHASE_STRIP = NO;
				DEBUG_INFORMATION_FORMAT = "dwarf-with-dsym";
				ENABLE_NS_ASSERTIONS = NO;
				ENABLE_STRICT_OBJC_MSGSEND = YES;
				GCC_C_LANGUAGE_STANDARD = gnu11;
				GCC_NO_COMMON_BLOCKS = YES;
				GCC_WARN_64_TO_32_BIT_CONVERSION = YES;
				GCC_WARN_ABOUT_RETURN_TYPE = YES_ERROR;
				GCC_WARN_UNDECLARED_SELECTOR = YES;
				GCC_WARN_UNINITIALIZED_AUTOS = YES_AGGRESSIVE;
				GCC_WARN_UNUSED_FUNCTION = YES;
				GCC_WARN_UNUSED_VARIABLE = YES;
				IPHONEOS_DEPLOYMENT_TARGET = 11.1;
				MTL_ENABLE_DEBUG_INFO = NO;
				SDKROOT = iphoneos;
				SWIFT_OPTIMIZATION_LEVEL = "-Owholemodule";
				VALIDATE_PRODUCT = YES;
			};
			name = Release;
		};
		346038681FCA28B200408F66 /* Debug */ = {
			isa = XCBuildConfiguration;
			baseConfigurationReference = 66FC4F4C6A8917D16A695B33 /* Pods-NetworkDemo.debug.xcconfig */;
			buildSettings = {
				ASSETCATALOG_COMPILER_APPICON_NAME = AppIcon;
				CODE_SIGN_STYLE = Automatic;
				DEVELOPMENT_TEAM = 9AS2TD23UD;
				INFOPLIST_FILE = "$(SRCROOT)/NetworkDemo/Resources/Info.plist";
				IPHONEOS_DEPLOYMENT_TARGET = 10.0;
				LD_RUNPATH_SEARCH_PATHS = "$(inherited) @executable_path/Frameworks";
				PRODUCT_BUNDLE_IDENTIFIER = me.maxrogers.NetworkDemo;
				PRODUCT_NAME = "$(TARGET_NAME)";
				SWIFT_VERSION = 4.0;
				TARGETED_DEVICE_FAMILY = 1;
			};
			name = Debug;
		};
		346038691FCA28B200408F66 /* Release */ = {
			isa = XCBuildConfiguration;
			baseConfigurationReference = 9894E1E5719A5A91FC6F3F2A /* Pods-NetworkDemo.release.xcconfig */;
			buildSettings = {
				ASSETCATALOG_COMPILER_APPICON_NAME = AppIcon;
				CODE_SIGN_STYLE = Automatic;
				DEVELOPMENT_TEAM = 9AS2TD23UD;
				INFOPLIST_FILE = "$(SRCROOT)/NetworkDemo/Resources/Info.plist";
				IPHONEOS_DEPLOYMENT_TARGET = 10.0;
				LD_RUNPATH_SEARCH_PATHS = "$(inherited) @executable_path/Frameworks";
				PRODUCT_BUNDLE_IDENTIFIER = me.maxrogers.NetworkDemo;
				PRODUCT_NAME = "$(TARGET_NAME)";
				SWIFT_VERSION = 4.0;
				TARGETED_DEVICE_FAMILY = 1;
			};
			name = Release;
		};
		3460386B1FCA28B200408F66 /* Debug */ = {
			isa = XCBuildConfiguration;
			baseConfigurationReference = FB1C1EF22E1846D42D29B86C /* Pods-NetworkDemoTests.debug.xcconfig */;
			buildSettings = {
				ALWAYS_EMBED_SWIFT_STANDARD_LIBRARIES = YES;
				BUNDLE_LOADER = "$(TEST_HOST)";
				CODE_SIGN_STYLE = Automatic;
				DEVELOPMENT_TEAM = 9AS2TD23UD;
				INFOPLIST_FILE = "NetworkDemoTests/Supporting Files/Info.plist";
				LD_RUNPATH_SEARCH_PATHS = "$(inherited) @executable_path/Frameworks @loader_path/Frameworks";
				PRODUCT_BUNDLE_IDENTIFIER = me.maxrogers.NetworkDemoTests;
				PRODUCT_NAME = "$(TARGET_NAME)";
				SWIFT_VERSION = 4.0;
				TARGETED_DEVICE_FAMILY = "1,2";
				TEST_HOST = "$(BUILT_PRODUCTS_DIR)/NetworkDemo.app/NetworkDemo";
			};
			name = Debug;
		};
		3460386C1FCA28B200408F66 /* Release */ = {
			isa = XCBuildConfiguration;
			baseConfigurationReference = 00A16B39BE58B5C12029EC6D /* Pods-NetworkDemoTests.release.xcconfig */;
			buildSettings = {
				ALWAYS_EMBED_SWIFT_STANDARD_LIBRARIES = YES;
				BUNDLE_LOADER = "$(TEST_HOST)";
				CODE_SIGN_STYLE = Automatic;
				DEVELOPMENT_TEAM = 9AS2TD23UD;
				INFOPLIST_FILE = "NetworkDemoTests/Supporting Files/Info.plist";
				LD_RUNPATH_SEARCH_PATHS = "$(inherited) @executable_path/Frameworks @loader_path/Frameworks";
				PRODUCT_BUNDLE_IDENTIFIER = me.maxrogers.NetworkDemoTests;
				PRODUCT_NAME = "$(TARGET_NAME)";
				SWIFT_VERSION = 4.0;
				TARGETED_DEVICE_FAMILY = "1,2";
				TEST_HOST = "$(BUILT_PRODUCTS_DIR)/NetworkDemo.app/NetworkDemo";
			};
			name = Release;
		};
/* End XCBuildConfiguration section */

/* Begin XCConfigurationList section */
		346038451FCA28B200408F66 /* Build configuration list for PBXProject "NetworkDemo" */ = {
			isa = XCConfigurationList;
			buildConfigurations = (
				346038651FCA28B200408F66 /* Debug */,
				346038661FCA28B200408F66 /* Release */,
			);
			defaultConfigurationIsVisible = 0;
			defaultConfigurationName = Release;
		};
		346038671FCA28B200408F66 /* Build configuration list for PBXNativeTarget "NetworkDemo" */ = {
			isa = XCConfigurationList;
			buildConfigurations = (
				346038681FCA28B200408F66 /* Debug */,
				346038691FCA28B200408F66 /* Release */,
			);
			defaultConfigurationIsVisible = 0;
			defaultConfigurationName = Release;
		};
		3460386A1FCA28B200408F66 /* Build configuration list for PBXNativeTarget "NetworkDemoTests" */ = {
			isa = XCConfigurationList;
			buildConfigurations = (
				3460386B1FCA28B200408F66 /* Debug */,
				3460386C1FCA28B200408F66 /* Release */,
			);
			defaultConfigurationIsVisible = 0;
			defaultConfigurationName = Release;
		};
/* End XCConfigurationList section */
	};
	rootObject = 346038421FCA28B200408F66 /* Project object */;
}
